
Microsoft Visual Studio Solution File, Format Version 12.00
# Visual Studio Version 17
VisualStudioVersion = 17.9.34701.34
MinimumVisualStudioVersion = 10.0.40219.1
Project("{9A19103F-16F7-4668-BE54-9A1E7A4F7556}") = "MyStake", "MyStake\MyStake.csproj", "{0CEA5C6F-93CA-47C9-8CA4-D76296CEEFAA}"
EndProject
Project("{2150E333-8FDC-42A3-9474-1A3956D46DE8}") = "Global", "Global", "{CEE3B68C-11FC-4B0E-B2D4-4C6720EDFD2C}"
EndProject
Project("{9A19103F-16F7-4668-BE54-9A1E7A4F7556}") = "Global.Logging.Sinks", "..\..\..\1-Global\Global.Logging.Sinks\Global.Logging.Sinks.csproj", "{A0246384-59FF-4DB5-91FE-0045A2F2D14D}"
EndProject
Project("{9A19103F-16F7-4668-BE54-9A1E7A4F7556}") = "Global.Logging", "..\..\..\1-Global\Global.Logging\Global.Logging.csproj", "{C38394C2-D2D1-4986-9DA6-8E5D1051261B}"
EndProject
Project("{2150E333-8FDC-42A3-9474-1A3956D46DE8}") = "Whitelabel_Global", "Whitelabel_Global", "{DFC4AA58-7D22-4221-ADD4-F1369E10F79A}"
EndProject
Project("{9A19103F-16F7-4668-BE54-9A1E7A4F7556}") = "Titan.Repository", "..\..\1-Whitelabel_Global\whitelabel-global\Titan.Repository\Titan.Repository\Titan.Repository.csproj", "{3E792147-2DF0-4025-BB5B-3F328C7BE1D5}"
EndProject
Global
	GlobalSection(SolutionConfigurationPlatforms) = preSolution
		Debug|Any CPU = Debug|Any CPU
		Release|Any CPU = Release|Any CPU
	EndGlobalSection
	GlobalSection(ProjectConfigurationPlatforms) = postSolution
		{0CEA5C6F-93CA-47C9-8CA4-D76296CEEFAA}.Debug|Any CPU.ActiveCfg = Debug|Any CPU
		{0CEA5C6F-93CA-47C9-8CA4-D76296CEEFAA}.Debug|Any CPU.Build.0 = Debug|Any CPU
		{0CEA5C6F-93CA-47C9-8CA4-D76296CEEFAA}.Release|Any CPU.ActiveCfg = Release|Any CPU
		{0CEA5C6F-93CA-47C9-8CA4-D76296CEEFAA}.Release|Any CPU.Build.0 = Release|Any CPU
		{A0246384-59FF-4DB5-91FE-0045A2F2D14D}.Debug|Any CPU.ActiveCfg = Debug|Any CPU
		{A0246384-59FF-4DB5-91FE-0045A2F2D14D}.Debug|Any CPU.Build.0 = Debug|Any CPU
		{A0246384-59FF-4DB5-91FE-0045A2F2D14D}.Release|Any CPU.ActiveCfg = Release|Any CPU
		{A0246384-59FF-4DB5-91FE-0045A2F2D14D}.Release|Any CPU.Build.0 = Release|Any CPU
		{C38394C2-D2D1-4986-9DA6-8E5D1051261B}.Debug|Any CPU.ActiveCfg = Debug|Any CPU
		{C38394C2-D2D1-4986-9DA6-8E5D1051261B}.Debug|Any CPU.Build.0 = Debug|Any CPU
		{C38394C2-D2D1-4986-9DA6-8E5D1051261B}.Release|Any CPU.ActiveCfg = Release|Any CPU
		{C38394C2-D2D1-4986-9DA6-8E5D1051261B}.Release|Any CPU.Build.0 = Release|Any CPU
		{3E792147-2DF0-4025-BB5B-3F328C7BE1D5}.Debug|Any CPU.ActiveCfg = Debug|Any CPU
		{3E792147-2DF0-4025-BB5B-3F328C7BE1D5}.Debug|Any CPU.Build.0 = Debug|Any CPU
		{3E792147-2DF0-4025-BB5B-3F328C7BE1D5}.Release|Any CPU.ActiveCfg = Release|Any CPU
		{3E792147-2DF0-4025-BB5B-3F328C7BE1D5}.Release|Any CPU.Build.0 = Release|Any CPU
	EndGlobalSection
	GlobalSection(SolutionProperties) = preSolution
		HideSolutionNode = FALSE
	EndGlobalSection
	GlobalSection(NestedProjects) = preSolution
		{A0246384-59FF-4DB5-91FE-0045A2F2D14D} = {CEE3B68C-11FC-4B0E-B2D4-4C6720EDFD2C}
		{C38394C2-D2D1-4986-9DA6-8E5D1051261B} = {CEE3B68C-11FC-4B0E-B2D4-4C6720EDFD2C}
		{3E792147-2DF0-4025-BB5B-3F328C7BE1D5} = {DFC4AA58-7D22-4221-ADD4-F1369E10F79A}
	EndGlobalSection
	GlobalSection(ExtensibilityGlobals) = postSolution
		SolutionGuid = {104A9064-4A75-4BF8-B69A-C38DE5BA138B}
	EndGlobalSection
EndGlobal
